
Microsoft Visual Studio Solution File, Format Version 12.00
# Visual Studio Version 17
VisualStudioVersion = 17.7.34031.279
MinimumVisualStudioVersion = 10.0.40219.1
Project("{FAE04EC0-301F-11D3-BF4B-00C04F79EFBC}") = "solodkaya.lab_9", "solodkaya.lab_9\solodkaya.lab_9.csproj", "{BAA941F1-8B4A-4D51-A1FD-1CE9B06CC247}"
EndProject
Global
	GlobalSection(SolutionConfigurationPlatforms) = preSolution
		Debug|Any CPU = Debug|Any CPU
		Release|Any CPU = Release|Any CPU
	EndGlobalSection
	GlobalSection(ProjectConfigurationPlatforms) = postSolution
		{BAA941F1-8B4A-4D51-A1FD-1CE9B06CC247}.Debug|Any CPU.ActiveCfg = Debug|Any CPU
		{BAA941F1-8B4A-4D51-A1FD-1CE9B06CC247}.Debug|Any CPU.Build.0 = Debug|Any CPU
		{BAA941F1-8B4A-4D51-A1FD-1CE9B06CC247}.Release|Any CPU.ActiveCfg = Release|Any CPU
		{BAA941F1-8B4A-4D51-A1FD-1CE9B06CC247}.Release|Any CPU.Build.0 = Release|Any CPU
	EndGlobalSection
	GlobalSection(SolutionProperties) = preSolution
		HideSolutionNode = FALSE
	EndGlobalSection
	GlobalSection(ExtensibilityGlobals) = postSolution
		SolutionGuid = {778AB510-5CCE-48D9-91AD-7F18F0AFE930}
	EndGlobalSection
EndGlobal
